
Microsoft Visual Studio Solution File, Format Version 12.00
# Visual Studio Version 17
VisualStudioVersion = 17.14.37411.7 d17.14
MinimumVisualStudioVersion = 10.0.40219.1
Project("{888888A0-9F3D-457C-B088-3A5042F75D52}") = "YitzGPT", "YitzGPT.pyproj", "{E390A09F-6488-42E5-80FE-91691575B6E2}"
EndProject
Global
	GlobalSection(SolutionConfigurationPlatforms) = preSolution
		Debug|Any CPU = Debug|Any CPU
		Release|Any CPU = Release|Any CPU
	EndGlobalSection
	GlobalSection(ProjectConfigurationPlatforms) = postSolution
		{E390A09F-6488-42E5-80FE-91691575B6E2}.Debug|Any CPU.ActiveCfg = Debug|Any CPU
		{E390A09F-6488-42E5-80FE-91691575B6E2}.Release|Any CPU.ActiveCfg = Release|Any CPU
	EndGlobalSection
	GlobalSection(SolutionProperties) = preSolution
		HideSolutionNode = FALSE
	EndGlobalSection
	GlobalSection(ExtensibilityGlobals) = postSolution
		SolutionGuid = {B03AC6C3-3072-4424-9BBC-429DE894999D}
	EndGlobalSection
EndGlobal
